
Microsoft Visual Studio Solution File, Format Version 12.00
# Visual Studio Version 17
VisualStudioVersion = 17.3.32929.385
MinimumVisualStudioVersion = 10.0.40219.1
Project("{9A19103F-16F7-4668-BE54-9A1E7A4F7556}") = "CS_test_Jint", "CS_test_Jint.csproj", "{182BFDBA-4508-463D-B0E1-8B5D18EF90EE}"
EndProject
Global
	GlobalSection(SolutionConfigurationPlatforms) = preSolution
		Debug|Any CPU = Debug|Any CPU
		Release|Any CPU = Release|Any CPU
	EndGlobalSection
	GlobalSection(ProjectConfigurationPlatforms) = postSolution
		{182BFDBA-4508-463D-B0E1-8B5D18EF90EE}.Debug|Any CPU.ActiveCfg = Debug|Any CPU
		{182BFDBA-4508-463D-B0E1-8B5D18EF90EE}.Debug|Any CPU.Build.0 = Debug|Any CPU
		{182BFDBA-4508-463D-B0E1-8B5D18EF90EE}.Release|Any CPU.ActiveCfg = Release|Any CPU
		{182BFDBA-4508-463D-B0E1-8B5D18EF90EE}.Release|Any CPU.Build.0 = Release|Any CPU
	EndGlobalSection
	GlobalSection(SolutionProperties) = preSolution
		HideSolutionNode = FALSE
	EndGlobalSection
	GlobalSection(ExtensibilityGlobals) = postSolution
		SolutionGuid = {C427F8D0-3AE6-49B3-94FE-69299CCCCE3B}
	EndGlobalSection
EndGlobal
